{
  "originHash" : "31f41b676bd787d79ec5c166eb3d16ea730f339d1e0fed112e65c78a98bb07e4",
  "pins" : [
    {
      "identity" : "networkimage",
      "kind" : "remoteSourceControl",
      "location" : "https://github.com/gonzalezreal/NetworkImage",
      "state" : {
        "revision" : "2849f5323265386e200484b0d0f896e73c3411b9",
        "version" : "6.0.1"
      }
    },
    {
      "identity" : "phonenumberkit",
      "kind" : "remoteSourceControl",
      "location" : "https://github.com/marmelroy/PhoneNumberKit",
      "state" : {
        "revision" : "288b99e9e99926bc8be41220802df83c059fac9b",
        "version" : "4.0.2"
      }
    },
    {
      "identity" : "swift-cmark",
      "kind" : "remoteSourceControl",
      "location" : "https://github.com/swiftlang/swift-cmark",
      "state" : {
        "revision" : "b022b08312decdc46585e0b3440d97f6f22ef703",
        "version" : "0.6.0"
      }
    },
    {
      "identity" : "swift-markdown-ui",
      "kind" : "remoteSourceControl",
      "location" : "https://github.com/gonzalezreal/swift-markdown-ui.git",
      "state" : {
        "revision" : "5f613358148239d0292c0cef674a3c2314737f9e",
        "version" : "2.4.1"
      }
    },
    {
      "identity" : "swiftcore",
      "kind" : "remoteSourceControl",
      "location" : "https://github.com/honzachalupa/SwiftCore",
      "state" : {
        "revision" : "ba22ae2eeca41862b9feade02df71abd3807fb66",
        "version" : "1.5.2"
      }
    }
  ],
  "version" : 3
}
